
Microsoft Visual Studio Solution File, Format Version 12.00
# Visual Studio 15
VisualStudioVersion = 15.0.28307.102
MinimumVisualStudioVersion = 10.0.40219.1
Project("{FAE04EC0-301F-11D3-BF4B-00C04F79EFBC}") = "Winform doc to pdf", "Winform doc to pdf\Winform doc to pdf.csproj", "{A24F0BDE-664B-4F9A-81C3-F5922299D467}"
EndProject
Global
	GlobalSection(SolutionConfigurationPlatforms) = preSolution
		Debug|Any CPU = Debug|Any CPU
		Release|Any CPU = Release|Any CPU
	EndGlobalSection
	GlobalSection(ProjectConfigurationPlatforms) = postSolution
		{A24F0BDE-664B-4F9A-81C3-F5922299D467}.Debug|Any CPU.ActiveCfg = Debug|Any CPU
		{A24F0BDE-664B-4F9A-81C3-F5922299D467}.Debug|Any CPU.Build.0 = Debug|Any CPU
		{A24F0BDE-664B-4F9A-81C3-F5922299D467}.Release|Any CPU.ActiveCfg = Release|Any CPU
		{A24F0BDE-664B-4F9A-81C3-F5922299D467}.Release|Any CPU.Build.0 = Release|Any CPU
	EndGlobalSection
	GlobalSection(SolutionProperties) = preSolution
		HideSolutionNode = FALSE
	EndGlobalSection
	GlobalSection(ExtensibilityGlobals) = postSolution
		SolutionGuid = {104FEA1A-2756-4646-B47D-DA8C46ADCB2E}
	EndGlobalSection
EndGlobal
